
Microsoft Visual Studio Solution File, Format Version 12.00
# Visual Studio Version 16
VisualStudioVersion = 16.0.31402.337
MinimumVisualStudioVersion = 10.0.40219.1
Project("{FAE04EC0-301F-11D3-BF4B-00C04F79EFBC}") = "ulacitbnb-api", "ulacitbnb\ulacitbnb-api.csproj", "{7FAB37EC-A7B9-4751-993E-6711EC6A7C7B}"
EndProject
Project("{FAE04EC0-301F-11D3-BF4B-00C04F79EFBC}") = "app", "app\app.csproj", "{11B9E4AE-A70D-42EC-82AD-7840E032694B}"
	ProjectSection(ProjectDependencies) = postProject
		{7FAB37EC-A7B9-4751-993E-6711EC6A7C7B} = {7FAB37EC-A7B9-4751-993E-6711EC6A7C7B}
	EndProjectSection
EndProject
Global
	GlobalSection(SolutionConfigurationPlatforms) = preSolution
		Debug|Any CPU = Debug|Any CPU
		Release|Any CPU = Release|Any CPU
	EndGlobalSection
	GlobalSection(ProjectConfigurationPlatforms) = postSolution
		{7FAB37EC-A7B9-4751-993E-6711EC6A7C7B}.Debug|Any CPU.ActiveCfg = Debug|Any CPU
		{7FAB37EC-A7B9-4751-993E-6711EC6A7C7B}.Debug|Any CPU.Build.0 = Debug|Any CPU
		{7FAB37EC-A7B9-4751-993E-6711EC6A7C7B}.Release|Any CPU.ActiveCfg = Debug|Any CPU
		{7FAB37EC-A7B9-4751-993E-6711EC6A7C7B}.Release|Any CPU.Build.0 = Debug|Any CPU
		{11B9E4AE-A70D-42EC-82AD-7840E032694B}.Debug|Any CPU.ActiveCfg = Debug|Any CPU
		{11B9E4AE-A70D-42EC-82AD-7840E032694B}.Debug|Any CPU.Build.0 = Debug|Any CPU
		{11B9E4AE-A70D-42EC-82AD-7840E032694B}.Release|Any CPU.ActiveCfg = Debug|Any CPU
		{11B9E4AE-A70D-42EC-82AD-7840E032694B}.Release|Any CPU.Build.0 = Debug|Any CPU
	EndGlobalSection
	GlobalSection(SolutionProperties) = preSolution
		HideSolutionNode = FALSE
	EndGlobalSection
	GlobalSection(ExtensibilityGlobals) = postSolution
		SolutionGuid = {28E94CDB-A6EC-4790-A72C-DEB264C864EC}
	EndGlobalSection
EndGlobal
